// !$*UTF8*$!
{
	archiveVersion = 1;
	classes = {
	};
	objectVersion = 46;
	objects = {

/* Begin PBXBuildFile section */
		E39B905D1B892865007949F7 /* main.m in Sources */ = {isa = PBXBuildFile; fileRef = E39B905C1B892865007949F7 /* main.m */; };
		E39B90601B892865007949F7 /* AppDelegate.m in Sources */ = {isa = PBXBuildFile; fileRef = E39B905F1B892865007949F7 /* AppDelegate.m */; };
		E39B90631B892865007949F7 /* ViewController.m in Sources */ = {isa = PBXBuildFile; fileRef = E39B90621B892865007949F7 /* ViewController.m */; };
		E39B90661B892865007949F7 /* Main.storyboard in Resources */ = {isa = PBXBuildFile; fileRef = E39B90641B892865007949F7 /* Main.storyboard */; };
		E39B90681B892866007949F7 /* Images.xcassets in Resources */ = {isa = PBXBuildFile; fileRef = E39B90671B892866007949F7 /* Images.xcassets */; };
		E39B906B1B892866007949F7 /* LaunchScreen.xib in Resources */ = {isa = PBXBuildFile; fileRef = E39B90691B892866007949F7 /* LaunchScreen.xib */; };
		E39B90771B892866007949F7 /* HelloWorldTests.m in Sources */ = {isa = PBXBuildFile; fileRef = E39B90761B892866007949F7 /* HelloWorldTests.m */; };
/* End PBXBuildFile section */

/* Begin PBXContainerItemProxy section */
		E39B90711B892866007949F7 /* PBXContainerItemProxy */ = {
			isa = PBXContainerItemProxy;
			containerPortal = E39B904F1B892865007949F7 /* Project object */;
			proxyType = 1;
			remoteGlobalIDString = E39B90561B892865007949F7;
			remoteInfo = HelloWorld;
		};
/* End PBXContainerItemProxy section */

/* Begin PBXFileReference section */
		E39B90571B892865007949F7 /* HelloWorld.app */ = {isa = PBXFileReference; explicitFileType = wrapper.application; includeInIndex = 0; path = HelloWorld.app; sourceTree = BUILT_PRODUCTS_DIR; };
		E39B905B1B892865007949F7 /* Info.plist */ = {isa = PBXFileReference; lastKnownFileType = text.plist.xml; path = Info.plist; sourceTree = "<group>"; };
		E39B905C1B892865007949F7 /* main.m */ = {isa = PBXFileReference; lastKnownFileType = sourcecode.c.objc; path = main.m; sourceTree = "<group>"; };
		E39B905E1B892865007949F7 /* AppDelegate.h */ = {isa = PBXFileReference; lastKnownFileType = sourcecode.c.h; path = AppDelegate.h; sourceTree = "<group>"; };
		E39B905F1B892865007949F7 /* AppDelegate.m */ = {isa = PBXFileReference; lastKnownFileType = sourcecode.c.objc; path = AppDelegate.m; sourceTree = "<group>"; };
		E39B90611B892865007949F7 /* ViewController.h */ = {isa = PBXFileReference; lastKnownFileType = sourcecode.c.h; path = ViewController.h; sourceTree = "<group>"; };
		E39B90621B892865007949F7 /* ViewController.m */ = {isa = PBXFileReference; lastKnownFileType = sourcecode.c.objc; path = ViewController.m; sourceTree = "<group>"; };
		E39B90651B892865007949F7 /* Base */ = {isa = PBXFileReference; lastKnownFileType = file.storyboard; name = Base; path = Base.lproj/Main.storyboard; sourceTree = "<group>"; };
		E39B90671B892866007949F7 /* Images.xcassets */ = {isa = PBXFileReference; lastKnownFileType = folder.assetcatalog; path = Images.xcassets; sourceTree = "<group>"; };
		E39B906A1B892866007949F7 /* Base */ = {isa = PBXFileReference; lastKnownFileType = file.xib; name = Base; path = Base.lproj/LaunchScreen.xib; sourceTree = "<group>"; };
		E39B90701B892866007949F7 /* HelloWorldTests.xctest */ = {isa = PBXFileReference; explicitFileType = wrapper.cfbundle; includeInIndex = 0; path = HelloWorldTests.xctest; sourceTree = BUILT_PRODUCTS_DIR; };
		E39B90751B892866007949F7 /* Info.plist */ = {isa = PBXFileReference; lastKnownFileType = text.plist.xml; path = Info.plist; sourceTree = "<group>"; };
		E39B90761B892866007949F7 /* HelloWorldTests.m */ = {isa = PBXFileReference; lastKnownFileType = sourcecode.c.objc; path = HelloWorldTests.m; sourceTree = "<group>"; };
/* End PBXFileReference section */

/* Begin PBXFrameworksBuildPhase section */
		E39B90541B892865007949F7 /* Frameworks */ = {
			isa = PBXFrameworksBuildPhase;
			buildActionMask = 2147483647;
			files = (
			);
			runOnlyForDeploymentPostprocessing = 0;
		};
		E39B906D1B892866007949F7 /* Frameworks */ = {
			isa = PBXFrameworksBuildPhase;
			buildActionMask = 2147483647;
			files = (
			);
			runOnlyForDeploymentPostprocessing = 0;
		};
/* End PBXFrameworksBuildPhase section */

/* Begin PBXGroup section */
		E39B904E1B892865007949F7 = {
			isa = PBXGroup;
			children = (
				E39B90591B892865007949F7 /* HelloWorld */,
				E39B90731B892866007949F7 /* HelloWorldTests */,
				E39B90581B892865007949F7 /* Products */,
			);
			sourceTree = "<group>";
		};
		E39B90581B892865007949F7 /* Products */ = {
			isa = PBXGroup;
			children = (
				E39B90571B892865007949F7 /* HelloWorld.app */,
				E39B90701B892866007949F7 /* HelloWorldTests.xctest */,
			);
			name = Products;
			sourceTree = "<group>";
		};
		E39B90591B892865007949F7 /* HelloWorld */ = {
			isa = PBXGroup;
			children = (
				E39B905E1B892865007949F7 /* AppDelegate.h */,
				E39B905F1B892865007949F7 /* AppDelegate.m */,
				E39B90611B892865007949F7 /* ViewController.h */,
				E39B90621B892865007949F7 /* ViewController.m */,
				E39B90641B892865007949F7 /* Main.storyboard */,
				E39B90671B892866007949F7 /* Images.xcassets */,
				E39B90691B892866007949F7 /* LaunchScreen.xib */,
				E39B905A1B892865007949F7 /* Supporting Files */,
			);
			path = HelloWorld;
			sourceTree = "<group>";
		};
		E39B905A1B892865007949F7 /* Supporting Files */ = {
			isa = PBXGroup;
			children = (
				E39B905B1B892865007949F7 /* Info.plist */,
				E39B905C1B892865007949F7 /* main.m */,
			);
			name = "Supporting Files";
			sourceTree = "<group>";
		};
		E39B90731B892866007949F7 /* HelloWorldTests */ = {
			isa = PBXGroup;
			children = (
				E39B90761B892866007949F7 /* HelloWorldTests.m */,
				E39B90741B892866007949F7 /* Supporting Files */,
			);
			path = HelloWorldTests;
			sourceTree = "<group>";
		};
		E39B90741B892866007949F7 /* Supporting Files */ = {
			isa = PBXGroup;
			children = (
				E39B90751B892866007949F7 /* Info.plist */,
			);
			name = "Supporting Files";
			sourceTree = "<group>";
		};
/* End PBXGroup section */

/* Begin PBXNativeTarget section */
		E39B90561B892865007949F7 /* HelloWorld */ = {
			isa = PBXNativeTarget;
			buildConfigurationList = E39B907A1B892866007949F7 /* Build configuration list for PBXNativeTarget "HelloWorld" */;
			buildPhases = (
				E39B90531B892865007949F7 /* Sources */,
				E39B90541B892865007949F7 /* Frameworks */,
				E39B90551B892865007949F7 /* Resources */,
			);
			buildRules = (
			);
			dependencies = (
			);
			name = HelloWorld;
			productName = HelloWorld;
			productReference = E39B90571B892865007949F7 /* HelloWorld.app */;
			productType = "com.apple.product-type.application";
		};
		E39B906F1B892866007949F7 /* HelloWorldTests */ = {
			isa = PBXNativeTarget;
			buildConfigurationList = E39B907D1B892866007949F7 /* Build configuration list for PBXNativeTarget "HelloWorldTests" */;
			buildPhases = (
				E39B906C1B892866007949F7 /* Sources */,
				E39B906D1B892866007949F7 /* Frameworks */,
				E39B906E1B892866007949F7 /* Resources */,
			);
			buildRules = (
			);
			dependencies = (
				E39B90721B892866007949F7 /* PBXTargetDependency */,
			);
			name = HelloWorldTests;
			productName = HelloWorldTests;
			productReference = E39B90701B892866007949F7 /* HelloWorldTests.xctest */;
			productType = "com.apple.product-type.bundle.unit-test";
		};
/* End PBXNativeTarget section */

/* Begin PBXProject section */
		E39B904F1B892865007949F7 /* Project object */ = {
			isa = PBXProject;
			attributes = {
				LastUpgradeCheck = 0640;
				ORGANIZATIONNAME = AppCoda;
				TargetAttributes = {
					E39B90561B892865007949F7 = {
						CreatedOnToolsVersion = 6.4;
					};
					E39B906F1B892866007949F7 = {
						CreatedOnToolsVersion = 6.4;
						TestTargetID = E39B90561B892865007949F7;
					};
				};
			};
			buildConfigurationList = E39B90521B892865007949F7 /* Build configuration list for PBXProject "HelloWorld" */;
			compatibilityVersion = "Xcode 3.2";
			developmentRegion = English;
			hasScannedForEncodings = 0;
			knownRegions = (
				en,
				Base,
			);
			mainGroup = E39B904E1B892865007949F7;
			productRefGroup = E39B90581B892865007949F7 /* Products */;
			projectDirPath = "";
			projectRoot = "";
			targets = (
				E39B90561B892865007949F7 /* HelloWorld */,
				E39B906F1B892866007949F7 /* HelloWorldTests */,
			);
		};
/* End PBXProject section */

/* Begin PBXResourcesBuildPhase section */
		E39B90551B892865007949F7 /* Resources */ = {
			isa = PBXResourcesBuildPhase;
			buildActionMask = 2147483647;
			files = (
				E39B90661B892865007949F7 /* Main.storyboard in Resources */,
				E39B906B1B892866007949F7 /* LaunchScreen.xib in Resources */,
				E39B90681B892866007949F7 /* Images.xcassets in Resources */,
			);
			runOnlyForDeploymentPostprocessing = 0;
		};
		E39B906E1B892866007949F7 /* Resources */ = {
			isa = PBXResourcesBuildPhase;
			buildActionMask = 2147483647;
			files = (
			);
			runOnlyForDeploymentPostprocessing = 0;
		};
/* End PBXResourcesBuildPhase section */

/* Begin PBXSourcesBuildPhase section */
		E39B90531B892865007949F7 /* Sources */ = {
			isa = PBXSourcesBuildPhase;
			buildActionMask = 2147483647;
			files = (
				E39B90631B892865007949F7 /* ViewController.m in Sources */,
				E39B90601B892865007949F7 /* AppDelegate.m in Sources */,
				E39B905D1B892865007949F7 /* main.m in Sources */,
			);
			runOnlyForDeploymentPostprocessing = 0;
		};
		E39B906C1B892866007949F7 /* Sources */ = {
			isa = PBXSourcesBuildPhase;
			buildActionMask = 2147483647;
			files = (
				E39B90771B892866007949F7 /* HelloWorldTests.m in Sources */,
			);
			runOnlyForDeploymentPostprocessing = 0;
		};
/* End PBXSourcesBuildPhase section */

/* Begin PBXTargetDependency section */
		E39B90721B892866007949F7 /* PBXTargetDependency */ = {
			isa = PBXTargetDependency;
			target = E39B90561B892865007949F7 /* HelloWorld */;
			targetProxy = E39B90711B892866007949F7 /* PBXContainerItemProxy */;
		};
/* End PBXTargetDependency section */

/* Begin PBXVariantGroup section */
		E39B90641B892865007949F7 /* Main.storyboard */ = {
			isa = PBXVariantGroup;
			children = (
				E39B90651B892865007949F7 /* Base */,
			);
			name = Main.storyboard;
			sourceTree = "<group>";
		};
		E39B90691B892866007949F7 /* LaunchScreen.xib */ = {
			isa = PBXVariantGroup;
			children = (
				E39B906A1B892866007949F7 /* Base */,
			);
			name = LaunchScreen.xib;
			sourceTree = "<group>";
		};
/* End PBXVariantGroup section */

/* Begin XCBuildConfiguration section */
		E39B90781B892866007949F7 /* Debug */ = {
			isa = XCBuildConfiguration;
			buildSettings = {
				ALWAYS_SEARCH_USER_PATHS = NO;
				CLANG_CXX_LANGUAGE_STANDARD = "gnu++0x";
				CLANG_CXX_LIBRARY = "libc++";
				CLANG_ENABLE_MODULES = YES;
				CLANG_ENABLE_OBJC_ARC = YES;
				CLANG_WARN_BOOL_CONVERSION = YES;
				CLANG_WARN_CONSTANT_CONVERSION = YES;
				CLANG_WARN_DIRECT_OBJC_ISA_USAGE = YES_ERROR;
				CLANG_WARN_EMPTY_BODY = YES;
				CLANG_WARN_ENUM_CONVERSION = YES;
				CLANG_WARN_INT_CONVERSION = YES;
				CLANG_WARN_OBJC_ROOT_CLASS = YES_ERROR;
				CLANG_WARN_UNREACHABLE_CODE = YES;
				CLANG_WARN__DUPLICATE_METHOD_MATCH = YES;
				"CODE_SIGN_IDENTITY[sdk=iphoneos*]" = "iPhone Developer";
				COPY_PHASE_STRIP = NO;
				DEBUG_INFORMATION_FORMAT = "dwarf-with-dsym";
				ENABLE_STRICT_OBJC_MSGSEND = YES;
				GCC_C_LANGUAGE_STANDARD = gnu99;
				GCC_DYNAMIC_NO_PIC = NO;
				GCC_NO_COMMON_BLOCKS = YES;
				GCC_OPTIMIZATION_LEVEL = 0;
				GCC_PREPROCESSOR_DEFINITIONS = (
					"DEBUG=1",
					"$(inherited)",
				);
				GCC_SYMBOLS_PRIVATE_EXTERN = NO;
				GCC_WARN_64_TO_32_BIT_CONVERSION = YES;
				GCC_WARN_ABOUT_RETURN_TYPE = YES_ERROR;
				GCC_WARN_UNDECLARED_SELECTOR = YES;
				GCC_WARN_UNINITIALIZED_AUTOS = YES_AGGRESSIVE;
				GCC_WARN_UNUSED_FUNCTION = YES;
				GCC_WARN_UNUSED_VARIABLE = YES;
				IPHONEOS_DEPLOYMENT_TARGET = 8.4;
				MTL_ENABLE_DEBUG_INFO = YES;
				ONLY_ACTIVE_ARCH = YES;
				SDKROOT = iphoneos;
			};
			name = Debug;
		};
		E39B90791B892866007949F7 /* Release */ = {
			isa = XCBuildConfiguration;
			buildSettings = {
				ALWAYS_SEARCH_USER_PATHS = NO;
				CLANG_CXX_LANGUAGE_STANDARD = "gnu++0x";
				CLANG_CXX_LIBRARY = "libc++";
				CLANG_ENABLE_MODULES = YES;
				CLANG_ENABLE_OBJC_ARC = YES;
				CLANG_WARN_BOOL_CONVERSION = YES;
				CLANG_WARN_CONSTANT_CONVERSION = YES;
				CLANG_WARN_DIRECT_OBJC_ISA_USAGE = YES_ERROR;
				CLANG_WARN_EMPTY_BODY = YES;
				CLANG_WARN_ENUM_CONVERSION = YES;
				CLANG_WARN_INT_CONVERSION = YES;
				CLANG_WARN_OBJC_ROOT_CLASS = YES_ERROR;
				CLANG_WARN_UNREACHABLE_CODE = YES;
				CLANG_WARN__DUPLICATE_METHOD_MATCH = YES;
				"CODE_SIGN_IDENTITY[sdk=iphoneos*]" = "iPhone Developer";
				COPY_PHASE_STRIP = NO;
				DEBUG_INFORMATION_FORMAT = "dwarf-with-dsym";
				ENABLE_NS_ASSERTIONS = NO;
				ENABLE_STRICT_OBJC_MSGSEND = YES;
				GCC_C_LANGUAGE_STANDARD = gnu99;
				GCC_NO_COMMON_BLOCKS = YES;
				GCC_WARN_64_TO_32_BIT_CONVERSION = YES;
				GCC_WARN_ABOUT_RETURN_TYPE = YES_ERROR;
				GCC_WARN_UNDECLARED_SELECTOR = YES;
				GCC_WARN_UNINITIALIZED_AUTOS = YES_AGGRESSIVE;
				GCC_WARN_UNUSED_FUNCTION = YES;
				GCC_WARN_UNUSED_VARIABLE = YES;
				IPHONEOS_DEPLOYMENT_TARGET = 8.4;
				MTL_ENABLE_DEBUG_INFO = NO;
				SDKROOT = iphoneos;
				VALIDATE_PRODUCT = YES;
			};
			name = Release;
		};
		E39B907B1B892866007949F7 /* Debug */ = {
			isa = XCBuildConfiguration;
			buildSettings = {
				ASSETCATALOG_COMPILER_APPICON_NAME = AppIcon;
				INFOPLIST_FILE = HelloWorld/Info.plist;
				LD_RUNPATH_SEARCH_PATHS = "$(inherited) @executable_path/Frameworks";
				PRODUCT_NAME = "$(TARGET_NAME)";
			};
			name = Debug;
		};
		E39B907C1B892866007949F7 /* Release */ = {
			isa = XCBuildConfiguration;
			buildSettings = {
				ASSETCATALOG_COMPILER_APPICON_NAME = AppIcon;
				INFOPLIST_FILE = HelloWorld/Info.plist;
				LD_RUNPATH_SEARCH_PATHS = "$(inherited) @executable_path/Frameworks";
				PRODUCT_NAME = "$(TARGET_NAME)";
			};
			name = Release;
		};
		E39B907E1B892866007949F7 /* Debug */ = {
			isa = XCBuildConfiguration;
			buildSettings = {
				BUNDLE_LOADER = "$(TEST_HOST)";
				FRAMEWORK_SEARCH_PATHS = (
					"$(SDKROOT)/Developer/Library/Frameworks",
					"$(inherited)",
				);
				GCC_PREPROCESSOR_DEFINITIONS = (
					"DEBUG=1",
					"$(inherited)",
				);
				INFOPLIST_FILE = HelloWorldTests/Info.plist;
				LD_RUNPATH_SEARCH_PATHS = "$(inherited) @executable_path/Frameworks @loader_path/Frameworks";
				PRODUCT_NAME = "$(TARGET_NAME)";
				TEST_HOST = "$(BUILT_PRODUCTS_DIR)/HelloWorld.app/HelloWorld";
			};
			name = Debug;
		};
		E39B907F1B892866007949F7 /* Release */ = {
			isa = XCBuildConfiguration;
			buildSettings = {
				BUNDLE_LOADER = "$(TEST_HOST)";
				FRAMEWORK_SEARCH_PATHS = (
					"$(SDKROOT)/Developer/Library/Frameworks",
					"$(inherited)",
				);
				INFOPLIST_FILE = HelloWorldTests/Info.plist;
				LD_RUNPATH_SEARCH_PATHS = "$(inherited) @executable_path/Frameworks @loader_path/Frameworks";
				PRODUCT_NAME = "$(TARGET_NAME)";
				TEST_HOST = "$(BUILT_PRODUCTS_DIR)/HelloWorld.app/HelloWorld";
			};
			name = Release;
		};
/* End XCBuildConfiguration section */

/* Begin XCConfigurationList section */
		E39B90521B892865007949F7 /* Build configuration list for PBXProject "HelloWorld" */ = {
			isa = XCConfigurationList;
			buildConfigurations = (
				E39B90781B892866007949F7 /* Debug */,
				E39B90791B892866007949F7 /* Release */,
			);
			defaultConfigurationIsVisible = 0;
			defaultConfigurationName = Release;
		};
		E39B907A1B892866007949F7 /* Build configuration list for PBXNativeTarget "HelloWorld" */ = {
			isa = XCConfigurationList;
			buildConfigurations = (
				E39B907B1B892866007949F7 /* Debug */,
				E39B907C1B892866007949F7 /* Release */,
			);
			defaultConfigurationIsVisible = 0;
		};
		E39B907D1B892866007949F7 /* Build configuration list for PBXNativeTarget "HelloWorldTests" */ = {
			isa = XCConfigurationList;
			buildConfigurations = (
				E39B907E1B892866007949F7 /* Debug */,
				E39B907F1B892866007949F7 /* Release */,
			);
			defaultConfigurationIsVisible = 0;
		};
/* End XCConfigurationList section */
	};
	rootObject = E39B904F1B892865007949F7 /* Project object */;
}
