// !$*UTF8*$!
{
	archiveVersion = 1;
	classes = {
	};
	objectVersion = 46;
	objects = {

/* Begin PBXBuildFile section */
		E300B2461B9B77B4005D17ED /* main.m in Sources */ = {isa = PBXBuildFile; fileRef = E300B2451B9B77B4005D17ED /* main.m */; };
		E300B2491B9B77B4005D17ED /* AppDelegate.m in Sources */ = {isa = PBXBuildFile; fileRef = E300B2481B9B77B4005D17ED /* AppDelegate.m */; };
		E300B24F1B9B77B5005D17ED /* Main.storyboard in Resources */ = {isa = PBXBuildFile; fileRef = E300B24D1B9B77B5005D17ED /* Main.storyboard */; };
		E300B2511B9B77B5005D17ED /* Images.xcassets in Resources */ = {isa = PBXBuildFile; fileRef = E300B2501B9B77B5005D17ED /* Images.xcassets */; };
		E300B2541B9B77B5005D17ED /* LaunchScreen.xib in Resources */ = {isa = PBXBuildFile; fileRef = E300B2521B9B77B5005D17ED /* LaunchScreen.xib */; };
		E300B2601B9B77B5005D17ED /* MyTravelAppTests.m in Sources */ = {isa = PBXBuildFile; fileRef = E300B25F1B9B77B5005D17ED /* MyTravelAppTests.m */; };
		E300B26B1B9B7894005D17ED /* DestinationTableViewController.m in Sources */ = {isa = PBXBuildFile; fileRef = E300B26A1B9B7894005D17ED /* DestinationTableViewController.m */; };
/* End PBXBuildFile section */

/* Begin PBXContainerItemProxy section */
		E300B25A1B9B77B5005D17ED /* PBXContainerItemProxy */ = {
			isa = PBXContainerItemProxy;
			containerPortal = E300B2381B9B77B4005D17ED /* Project object */;
			proxyType = 1;
			remoteGlobalIDString = E300B23F1B9B77B4005D17ED;
			remoteInfo = MyTravelApp;
		};
/* End PBXContainerItemProxy section */

/* Begin PBXFileReference section */
		E300B2401B9B77B4005D17ED /* MyTravelApp.app */ = {isa = PBXFileReference; explicitFileType = wrapper.application; includeInIndex = 0; path = MyTravelApp.app; sourceTree = BUILT_PRODUCTS_DIR; };
		E300B2441B9B77B4005D17ED /* Info.plist */ = {isa = PBXFileReference; lastKnownFileType = text.plist.xml; path = Info.plist; sourceTree = "<group>"; };
		E300B2451B9B77B4005D17ED /* main.m */ = {isa = PBXFileReference; lastKnownFileType = sourcecode.c.objc; path = main.m; sourceTree = "<group>"; };
		E300B2471B9B77B4005D17ED /* AppDelegate.h */ = {isa = PBXFileReference; lastKnownFileType = sourcecode.c.h; path = AppDelegate.h; sourceTree = "<group>"; };
		E300B2481B9B77B4005D17ED /* AppDelegate.m */ = {isa = PBXFileReference; lastKnownFileType = sourcecode.c.objc; path = AppDelegate.m; sourceTree = "<group>"; };
		E300B24E1B9B77B5005D17ED /* Base */ = {isa = PBXFileReference; lastKnownFileType = file.storyboard; name = Base; path = Base.lproj/Main.storyboard; sourceTree = "<group>"; };
		E300B2501B9B77B5005D17ED /* Images.xcassets */ = {isa = PBXFileReference; lastKnownFileType = folder.assetcatalog; path = Images.xcassets; sourceTree = "<group>"; };
		E300B2531B9B77B5005D17ED /* Base */ = {isa = PBXFileReference; lastKnownFileType = file.xib; name = Base; path = Base.lproj/LaunchScreen.xib; sourceTree = "<group>"; };
		E300B2591B9B77B5005D17ED /* MyTravelAppTests.xctest */ = {isa = PBXFileReference; explicitFileType = wrapper.cfbundle; includeInIndex = 0; path = MyTravelAppTests.xctest; sourceTree = BUILT_PRODUCTS_DIR; };
		E300B25E1B9B77B5005D17ED /* Info.plist */ = {isa = PBXFileReference; lastKnownFileType = text.plist.xml; path = Info.plist; sourceTree = "<group>"; };
		E300B25F1B9B77B5005D17ED /* MyTravelAppTests.m */ = {isa = PBXFileReference; lastKnownFileType = sourcecode.c.objc; path = MyTravelAppTests.m; sourceTree = "<group>"; };
		E300B2691B9B7894005D17ED /* DestinationTableViewController.h */ = {isa = PBXFileReference; fileEncoding = 4; lastKnownFileType = sourcecode.c.h; path = DestinationTableViewController.h; sourceTree = "<group>"; };
		E300B26A1B9B7894005D17ED /* DestinationTableViewController.m */ = {isa = PBXFileReference; fileEncoding = 4; lastKnownFileType = sourcecode.c.objc; path = DestinationTableViewController.m; sourceTree = "<group>"; };
/* End PBXFileReference section */

/* Begin PBXFrameworksBuildPhase section */
		E300B23D1B9B77B4005D17ED /* Frameworks */ = {
			isa = PBXFrameworksBuildPhase;
			buildActionMask = 2147483647;
			files = (
			);
			runOnlyForDeploymentPostprocessing = 0;
		};
		E300B2561B9B77B5005D17ED /* Frameworks */ = {
			isa = PBXFrameworksBuildPhase;
			buildActionMask = 2147483647;
			files = (
			);
			runOnlyForDeploymentPostprocessing = 0;
		};
/* End PBXFrameworksBuildPhase section */

/* Begin PBXGroup section */
		E300B2371B9B77B4005D17ED = {
			isa = PBXGroup;
			children = (
				E300B2421B9B77B4005D17ED /* MyTravelApp */,
				E300B25C1B9B77B5005D17ED /* MyTravelAppTests */,
				E300B2411B9B77B4005D17ED /* Products */,
			);
			sourceTree = "<group>";
		};
		E300B2411B9B77B4005D17ED /* Products */ = {
			isa = PBXGroup;
			children = (
				E300B2401B9B77B4005D17ED /* MyTravelApp.app */,
				E300B2591B9B77B5005D17ED /* MyTravelAppTests.xctest */,
			);
			name = Products;
			sourceTree = "<group>";
		};
		E300B2421B9B77B4005D17ED /* MyTravelApp */ = {
			isa = PBXGroup;
			children = (
				E300B2471B9B77B4005D17ED /* AppDelegate.h */,
				E300B2481B9B77B4005D17ED /* AppDelegate.m */,
				E300B2691B9B7894005D17ED /* DestinationTableViewController.h */,
				E300B26A1B9B7894005D17ED /* DestinationTableViewController.m */,
				E300B24D1B9B77B5005D17ED /* Main.storyboard */,
				E300B2501B9B77B5005D17ED /* Images.xcassets */,
				E300B2521B9B77B5005D17ED /* LaunchScreen.xib */,
				E300B2431B9B77B4005D17ED /* Supporting Files */,
			);
			path = MyTravelApp;
			sourceTree = "<group>";
		};
		E300B2431B9B77B4005D17ED /* Supporting Files */ = {
			isa = PBXGroup;
			children = (
				E300B2441B9B77B4005D17ED /* Info.plist */,
				E300B2451B9B77B4005D17ED /* main.m */,
			);
			name = "Supporting Files";
			sourceTree = "<group>";
		};
		E300B25C1B9B77B5005D17ED /* MyTravelAppTests */ = {
			isa = PBXGroup;
			children = (
				E300B25F1B9B77B5005D17ED /* MyTravelAppTests.m */,
				E300B25D1B9B77B5005D17ED /* Supporting Files */,
			);
			path = MyTravelAppTests;
			sourceTree = "<group>";
		};
		E300B25D1B9B77B5005D17ED /* Supporting Files */ = {
			isa = PBXGroup;
			children = (
				E300B25E1B9B77B5005D17ED /* Info.plist */,
			);
			name = "Supporting Files";
			sourceTree = "<group>";
		};
/* End PBXGroup section */

/* Begin PBXNativeTarget section */
		E300B23F1B9B77B4005D17ED /* MyTravelApp */ = {
			isa = PBXNativeTarget;
			buildConfigurationList = E300B2631B9B77B5005D17ED /* Build configuration list for PBXNativeTarget "MyTravelApp" */;
			buildPhases = (
				E300B23C1B9B77B4005D17ED /* Sources */,
				E300B23D1B9B77B4005D17ED /* Frameworks */,
				E300B23E1B9B77B4005D17ED /* Resources */,
			);
			buildRules = (
			);
			dependencies = (
			);
			name = MyTravelApp;
			productName = MyTravelApp;
			productReference = E300B2401B9B77B4005D17ED /* MyTravelApp.app */;
			productType = "com.apple.product-type.application";
		};
		E300B2581B9B77B5005D17ED /* MyTravelAppTests */ = {
			isa = PBXNativeTarget;
			buildConfigurationList = E300B2661B9B77B5005D17ED /* Build configuration list for PBXNativeTarget "MyTravelAppTests" */;
			buildPhases = (
				E300B2551B9B77B5005D17ED /* Sources */,
				E300B2561B9B77B5005D17ED /* Frameworks */,
				E300B2571B9B77B5005D17ED /* Resources */,
			);
			buildRules = (
			);
			dependencies = (
				E300B25B1B9B77B5005D17ED /* PBXTargetDependency */,
			);
			name = MyTravelAppTests;
			productName = MyTravelAppTests;
			productReference = E300B2591B9B77B5005D17ED /* MyTravelAppTests.xctest */;
			productType = "com.apple.product-type.bundle.unit-test";
		};
/* End PBXNativeTarget section */

/* Begin PBXProject section */
		E300B2381B9B77B4005D17ED /* Project object */ = {
			isa = PBXProject;
			attributes = {
				LastUpgradeCheck = 0640;
				ORGANIZATIONNAME = "Drue Thomas";
				TargetAttributes = {
					E300B23F1B9B77B4005D17ED = {
						CreatedOnToolsVersion = 6.4;
					};
					E300B2581B9B77B5005D17ED = {
						CreatedOnToolsVersion = 6.4;
						TestTargetID = E300B23F1B9B77B4005D17ED;
					};
				};
			};
			buildConfigurationList = E300B23B1B9B77B4005D17ED /* Build configuration list for PBXProject "MyTravelApp" */;
			compatibilityVersion = "Xcode 3.2";
			developmentRegion = English;
			hasScannedForEncodings = 0;
			knownRegions = (
				en,
				Base,
			);
			mainGroup = E300B2371B9B77B4005D17ED;
			productRefGroup = E300B2411B9B77B4005D17ED /* Products */;
			projectDirPath = "";
			projectRoot = "";
			targets = (
				E300B23F1B9B77B4005D17ED /* MyTravelApp */,
				E300B2581B9B77B5005D17ED /* MyTravelAppTests */,
			);
		};
/* End PBXProject section */

/* Begin PBXResourcesBuildPhase section */
		E300B23E1B9B77B4005D17ED /* Resources */ = {
			isa = PBXResourcesBuildPhase;
			buildActionMask = 2147483647;
			files = (
				E300B24F1B9B77B5005D17ED /* Main.storyboard in Resources */,
				E300B2541B9B77B5005D17ED /* LaunchScreen.xib in Resources */,
				E300B2511B9B77B5005D17ED /* Images.xcassets in Resources */,
			);
			runOnlyForDeploymentPostprocessing = 0;
		};
		E300B2571B9B77B5005D17ED /* Resources */ = {
			isa = PBXResourcesBuildPhase;
			buildActionMask = 2147483647;
			files = (
			);
			runOnlyForDeploymentPostprocessing = 0;
		};
/* End PBXResourcesBuildPhase section */

/* Begin PBXSourcesBuildPhase section */
		E300B23C1B9B77B4005D17ED /* Sources */ = {
			isa = PBXSourcesBuildPhase;
			buildActionMask = 2147483647;
			files = (
				E300B26B1B9B7894005D17ED /* DestinationTableViewController.m in Sources */,
				E300B2491B9B77B4005D17ED /* AppDelegate.m in Sources */,
				E300B2461B9B77B4005D17ED /* main.m in Sources */,
			);
			runOnlyForDeploymentPostprocessing = 0;
		};
		E300B2551B9B77B5005D17ED /* Sources */ = {
			isa = PBXSourcesBuildPhase;
			buildActionMask = 2147483647;
			files = (
				E300B2601B9B77B5005D17ED /* MyTravelAppTests.m in Sources */,
			);
			runOnlyForDeploymentPostprocessing = 0;
		};
/* End PBXSourcesBuildPhase section */

/* Begin PBXTargetDependency section */
		E300B25B1B9B77B5005D17ED /* PBXTargetDependency */ = {
			isa = PBXTargetDependency;
			target = E300B23F1B9B77B4005D17ED /* MyTravelApp */;
			targetProxy = E300B25A1B9B77B5005D17ED /* PBXContainerItemProxy */;
		};
/* End PBXTargetDependency section */

/* Begin PBXVariantGroup section */
		E300B24D1B9B77B5005D17ED /* Main.storyboard */ = {
			isa = PBXVariantGroup;
			children = (
				E300B24E1B9B77B5005D17ED /* Base */,
			);
			name = Main.storyboard;
			sourceTree = "<group>";
		};
		E300B2521B9B77B5005D17ED /* LaunchScreen.xib */ = {
			isa = PBXVariantGroup;
			children = (
				E300B2531B9B77B5005D17ED /* Base */,
			);
			name = LaunchScreen.xib;
			sourceTree = "<group>";
		};
/* End PBXVariantGroup section */

/* Begin XCBuildConfiguration section */
		E300B2611B9B77B5005D17ED /* Debug */ = {
			isa = XCBuildConfiguration;
			buildSettings = {
				ALWAYS_SEARCH_USER_PATHS = NO;
				CLANG_CXX_LANGUAGE_STANDARD = "gnu++0x";
				CLANG_CXX_LIBRARY = "libc++";
				CLANG_ENABLE_MODULES = YES;
				CLANG_ENABLE_OBJC_ARC = YES;
				CLANG_WARN_BOOL_CONVERSION = YES;
				CLANG_WARN_CONSTANT_CONVERSION = YES;
				CLANG_WARN_DIRECT_OBJC_ISA_USAGE = YES_ERROR;
				CLANG_WARN_EMPTY_BODY = YES;
				CLANG_WARN_ENUM_CONVERSION = YES;
				CLANG_WARN_INT_CONVERSION = YES;
				CLANG_WARN_OBJC_ROOT_CLASS = YES_ERROR;
				CLANG_WARN_UNREACHABLE_CODE = YES;
				CLANG_WARN__DUPLICATE_METHOD_MATCH = YES;
				"CODE_SIGN_IDENTITY[sdk=iphoneos*]" = "iPhone Developer";
				COPY_PHASE_STRIP = NO;
				DEBUG_INFORMATION_FORMAT = "dwarf-with-dsym";
				ENABLE_STRICT_OBJC_MSGSEND = YES;
				GCC_C_LANGUAGE_STANDARD = gnu99;
				GCC_DYNAMIC_NO_PIC = NO;
				GCC_NO_COMMON_BLOCKS = YES;
				GCC_OPTIMIZATION_LEVEL = 0;
				GCC_PREPROCESSOR_DEFINITIONS = (
					"DEBUG=1",
					"$(inherited)",
				);
				GCC_SYMBOLS_PRIVATE_EXTERN = NO;
				GCC_WARN_64_TO_32_BIT_CONVERSION = YES;
				GCC_WARN_ABOUT_RETURN_TYPE = YES_ERROR;
				GCC_WARN_UNDECLARED_SELECTOR = YES;
				GCC_WARN_UNINITIALIZED_AUTOS = YES_AGGRESSIVE;
				GCC_WARN_UNUSED_FUNCTION = YES;
				GCC_WARN_UNUSED_VARIABLE = YES;
				IPHONEOS_DEPLOYMENT_TARGET = 8.4;
				MTL_ENABLE_DEBUG_INFO = YES;
				ONLY_ACTIVE_ARCH = YES;
				SDKROOT = iphoneos;
			};
			name = Debug;
		};
		E300B2621B9B77B5005D17ED /* Release */ = {
			isa = XCBuildConfiguration;
			buildSettings = {
				ALWAYS_SEARCH_USER_PATHS = NO;
				CLANG_CXX_LANGUAGE_STANDARD = "gnu++0x";
				CLANG_CXX_LIBRARY = "libc++";
				CLANG_ENABLE_MODULES = YES;
				CLANG_ENABLE_OBJC_ARC = YES;
				CLANG_WARN_BOOL_CONVERSION = YES;
				CLANG_WARN_CONSTANT_CONVERSION = YES;
				CLANG_WARN_DIRECT_OBJC_ISA_USAGE = YES_ERROR;
				CLANG_WARN_EMPTY_BODY = YES;
				CLANG_WARN_ENUM_CONVERSION = YES;
				CLANG_WARN_INT_CONVERSION = YES;
				CLANG_WARN_OBJC_ROOT_CLASS = YES_ERROR;
				CLANG_WARN_UNREACHABLE_CODE = YES;
				CLANG_WARN__DUPLICATE_METHOD_MATCH = YES;
				"CODE_SIGN_IDENTITY[sdk=iphoneos*]" = "iPhone Developer";
				COPY_PHASE_STRIP = NO;
				DEBUG_INFORMATION_FORMAT = "dwarf-with-dsym";
				ENABLE_NS_ASSERTIONS = NO;
				ENABLE_STRICT_OBJC_MSGSEND = YES;
				GCC_C_LANGUAGE_STANDARD = gnu99;
				GCC_NO_COMMON_BLOCKS = YES;
				GCC_WARN_64_TO_32_BIT_CONVERSION = YES;
				GCC_WARN_ABOUT_RETURN_TYPE = YES_ERROR;
				GCC_WARN_UNDECLARED_SELECTOR = YES;
				GCC_WARN_UNINITIALIZED_AUTOS = YES_AGGRESSIVE;
				GCC_WARN_UNUSED_FUNCTION = YES;
				GCC_WARN_UNUSED_VARIABLE = YES;
				IPHONEOS_DEPLOYMENT_TARGET = 8.4;
				MTL_ENABLE_DEBUG_INFO = NO;
				SDKROOT = iphoneos;
				VALIDATE_PRODUCT = YES;
			};
			name = Release;
		};
		E300B2641B9B77B5005D17ED /* Debug */ = {
			isa = XCBuildConfiguration;
			buildSettings = {
				ASSETCATALOG_COMPILER_APPICON_NAME = AppIcon;
				INFOPLIST_FILE = MyTravelApp/Info.plist;
				LD_RUNPATH_SEARCH_PATHS = "$(inherited) @executable_path/Frameworks";
				PRODUCT_NAME = "$(TARGET_NAME)";
			};
			name = Debug;
		};
		E300B2651B9B77B5005D17ED /* Release */ = {
			isa = XCBuildConfiguration;
			buildSettings = {
				ASSETCATALOG_COMPILER_APPICON_NAME = AppIcon;
				INFOPLIST_FILE = MyTravelApp/Info.plist;
				LD_RUNPATH_SEARCH_PATHS = "$(inherited) @executable_path/Frameworks";
				PRODUCT_NAME = "$(TARGET_NAME)";
			};
			name = Release;
		};
		E300B2671B9B77B5005D17ED /* Debug */ = {
			isa = XCBuildConfiguration;
			buildSettings = {
				BUNDLE_LOADER = "$(TEST_HOST)";
				FRAMEWORK_SEARCH_PATHS = (
					"$(SDKROOT)/Developer/Library/Frameworks",
					"$(inherited)",
				);
				GCC_PREPROCESSOR_DEFINITIONS = (
					"DEBUG=1",
					"$(inherited)",
				);
				INFOPLIST_FILE = MyTravelAppTests/Info.plist;
				LD_RUNPATH_SEARCH_PATHS = "$(inherited) @executable_path/Frameworks @loader_path/Frameworks";
				PRODUCT_NAME = "$(TARGET_NAME)";
				TEST_HOST = "$(BUILT_PRODUCTS_DIR)/MyTravelApp.app/MyTravelApp";
			};
			name = Debug;
		};
		E300B2681B9B77B5005D17ED /* Release */ = {
			isa = XCBuildConfiguration;
			buildSettings = {
				BUNDLE_LOADER = "$(TEST_HOST)";
				FRAMEWORK_SEARCH_PATHS = (
					"$(SDKROOT)/Developer/Library/Frameworks",
					"$(inherited)",
				);
				INFOPLIST_FILE = MyTravelAppTests/Info.plist;
				LD_RUNPATH_SEARCH_PATHS = "$(inherited) @executable_path/Frameworks @loader_path/Frameworks";
				PRODUCT_NAME = "$(TARGET_NAME)";
				TEST_HOST = "$(BUILT_PRODUCTS_DIR)/MyTravelApp.app/MyTravelApp";
			};
			name = Release;
		};
/* End XCBuildConfiguration section */

/* Begin XCConfigurationList section */
		E300B23B1B9B77B4005D17ED /* Build configuration list for PBXProject "MyTravelApp" */ = {
			isa = XCConfigurationList;
			buildConfigurations = (
				E300B2611B9B77B5005D17ED /* Debug */,
				E300B2621B9B77B5005D17ED /* Release */,
			);
			defaultConfigurationIsVisible = 0;
			defaultConfigurationName = Release;
		};
		E300B2631B9B77B5005D17ED /* Build configuration list for PBXNativeTarget "MyTravelApp" */ = {
			isa = XCConfigurationList;
			buildConfigurations = (
				E300B2641B9B77B5005D17ED /* Debug */,
				E300B2651B9B77B5005D17ED /* Release */,
			);
			defaultConfigurationIsVisible = 0;
		};
		E300B2661B9B77B5005D17ED /* Build configuration list for PBXNativeTarget "MyTravelAppTests" */ = {
			isa = XCConfigurationList;
			buildConfigurations = (
				E300B2671B9B77B5005D17ED /* Debug */,
				E300B2681B9B77B5005D17ED /* Release */,
			);
			defaultConfigurationIsVisible = 0;
		};
/* End XCConfigurationList section */
	};
	rootObject = E300B2381B9B77B4005D17ED /* Project object */;
}
