// !$*UTF8*$!
{
	archiveVersion = 1;
	classes = {
	};
	objectVersion = 46;
	objects = {

/* Begin PBXBuildFile section */
		E300B19D1B93869D005D17ED /* main.m in Sources */ = {isa = PBXBuildFile; fileRef = E300B19C1B93869D005D17ED /* main.m */; };
		E300B1A01B93869D005D17ED /* AppDelegate.m in Sources */ = {isa = PBXBuildFile; fileRef = E300B19F1B93869D005D17ED /* AppDelegate.m */; };
		E300B1A31B93869D005D17ED /* CustomTableViewController.m in Sources */ = {isa = PBXBuildFile; fileRef = E300B1A21B93869D005D17ED /* CustomTableViewController.m */; };
		E300B1A61B93869D005D17ED /* Main.storyboard in Resources */ = {isa = PBXBuildFile; fileRef = E300B1A41B93869D005D17ED /* Main.storyboard */; };
		E300B1A81B93869D005D17ED /* Images.xcassets in Resources */ = {isa = PBXBuildFile; fileRef = E300B1A71B93869D005D17ED /* Images.xcassets */; };
		E300B1AB1B93869E005D17ED /* LaunchScreen.xib in Resources */ = {isa = PBXBuildFile; fileRef = E300B1A91B93869E005D17ED /* LaunchScreen.xib */; };
		E300B1B71B93869E005D17ED /* TablesTests.m in Sources */ = {isa = PBXBuildFile; fileRef = E300B1B61B93869E005D17ED /* TablesTests.m */; };
/* End PBXBuildFile section */

/* Begin PBXContainerItemProxy section */
		E300B1B11B93869E005D17ED /* PBXContainerItemProxy */ = {
			isa = PBXContainerItemProxy;
			containerPortal = E300B18F1B93869C005D17ED /* Project object */;
			proxyType = 1;
			remoteGlobalIDString = E300B1961B93869D005D17ED;
			remoteInfo = Tables;
		};
/* End PBXContainerItemProxy section */

/* Begin PBXFileReference section */
		E300B1971B93869D005D17ED /* Tables.app */ = {isa = PBXFileReference; explicitFileType = wrapper.application; includeInIndex = 0; path = Tables.app; sourceTree = BUILT_PRODUCTS_DIR; };
		E300B19B1B93869D005D17ED /* Info.plist */ = {isa = PBXFileReference; lastKnownFileType = text.plist.xml; path = Info.plist; sourceTree = "<group>"; };
		E300B19C1B93869D005D17ED /* main.m */ = {isa = PBXFileReference; lastKnownFileType = sourcecode.c.objc; path = main.m; sourceTree = "<group>"; };
		E300B19E1B93869D005D17ED /* AppDelegate.h */ = {isa = PBXFileReference; lastKnownFileType = sourcecode.c.h; path = AppDelegate.h; sourceTree = "<group>"; };
		E300B19F1B93869D005D17ED /* AppDelegate.m */ = {isa = PBXFileReference; lastKnownFileType = sourcecode.c.objc; path = AppDelegate.m; sourceTree = "<group>"; };
		E300B1A11B93869D005D17ED /* CustomTableViewController.h */ = {isa = PBXFileReference; lastKnownFileType = sourcecode.c.h; path = CustomTableViewController.h; sourceTree = "<group>"; };
		E300B1A21B93869D005D17ED /* CustomTableViewController.m */ = {isa = PBXFileReference; lastKnownFileType = sourcecode.c.objc; path = CustomTableViewController.m; sourceTree = "<group>"; };
		E300B1A51B93869D005D17ED /* Base */ = {isa = PBXFileReference; lastKnownFileType = file.storyboard; name = Base; path = Base.lproj/Main.storyboard; sourceTree = "<group>"; };
		E300B1A71B93869D005D17ED /* Images.xcassets */ = {isa = PBXFileReference; lastKnownFileType = folder.assetcatalog; path = Images.xcassets; sourceTree = "<group>"; };
		E300B1AA1B93869E005D17ED /* Base */ = {isa = PBXFileReference; lastKnownFileType = file.xib; name = Base; path = Base.lproj/LaunchScreen.xib; sourceTree = "<group>"; };
		E300B1B01B93869E005D17ED /* TablesTests.xctest */ = {isa = PBXFileReference; explicitFileType = wrapper.cfbundle; includeInIndex = 0; path = TablesTests.xctest; sourceTree = BUILT_PRODUCTS_DIR; };
		E300B1B51B93869E005D17ED /* Info.plist */ = {isa = PBXFileReference; lastKnownFileType = text.plist.xml; path = Info.plist; sourceTree = "<group>"; };
		E300B1B61B93869E005D17ED /* TablesTests.m */ = {isa = PBXFileReference; lastKnownFileType = sourcecode.c.objc; path = TablesTests.m; sourceTree = "<group>"; };
/* End PBXFileReference section */

/* Begin PBXFrameworksBuildPhase section */
		E300B1941B93869D005D17ED /* Frameworks */ = {
			isa = PBXFrameworksBuildPhase;
			buildActionMask = 2147483647;
			files = (
			);
			runOnlyForDeploymentPostprocessing = 0;
		};
		E300B1AD1B93869E005D17ED /* Frameworks */ = {
			isa = PBXFrameworksBuildPhase;
			buildActionMask = 2147483647;
			files = (
			);
			runOnlyForDeploymentPostprocessing = 0;
		};
/* End PBXFrameworksBuildPhase section */

/* Begin PBXGroup section */
		E300B18E1B93869C005D17ED = {
			isa = PBXGroup;
			children = (
				E300B1991B93869D005D17ED /* Tables */,
				E300B1B31B93869E005D17ED /* TablesTests */,
				E300B1981B93869D005D17ED /* Products */,
			);
			sourceTree = "<group>";
		};
		E300B1981B93869D005D17ED /* Products */ = {
			isa = PBXGroup;
			children = (
				E300B1971B93869D005D17ED /* Tables.app */,
				E300B1B01B93869E005D17ED /* TablesTests.xctest */,
			);
			name = Products;
			sourceTree = "<group>";
		};
		E300B1991B93869D005D17ED /* Tables */ = {
			isa = PBXGroup;
			children = (
				E300B19E1B93869D005D17ED /* AppDelegate.h */,
				E300B19F1B93869D005D17ED /* AppDelegate.m */,
				E300B1A11B93869D005D17ED /* CustomTableViewController.h */,
				E300B1A21B93869D005D17ED /* CustomTableViewController.m */,
				E300B1A41B93869D005D17ED /* Main.storyboard */,
				E300B1A71B93869D005D17ED /* Images.xcassets */,
				E300B1A91B93869E005D17ED /* LaunchScreen.xib */,
				E300B19A1B93869D005D17ED /* Supporting Files */,
			);
			path = Tables;
			sourceTree = "<group>";
		};
		E300B19A1B93869D005D17ED /* Supporting Files */ = {
			isa = PBXGroup;
			children = (
				E300B19B1B93869D005D17ED /* Info.plist */,
				E300B19C1B93869D005D17ED /* main.m */,
			);
			name = "Supporting Files";
			sourceTree = "<group>";
		};
		E300B1B31B93869E005D17ED /* TablesTests */ = {
			isa = PBXGroup;
			children = (
				E300B1B61B93869E005D17ED /* TablesTests.m */,
				E300B1B41B93869E005D17ED /* Supporting Files */,
			);
			path = TablesTests;
			sourceTree = "<group>";
		};
		E300B1B41B93869E005D17ED /* Supporting Files */ = {
			isa = PBXGroup;
			children = (
				E300B1B51B93869E005D17ED /* Info.plist */,
			);
			name = "Supporting Files";
			sourceTree = "<group>";
		};
/* End PBXGroup section */

/* Begin PBXNativeTarget section */
		E300B1961B93869D005D17ED /* Tables */ = {
			isa = PBXNativeTarget;
			buildConfigurationList = E300B1BA1B93869E005D17ED /* Build configuration list for PBXNativeTarget "Tables" */;
			buildPhases = (
				E300B1931B93869D005D17ED /* Sources */,
				E300B1941B93869D005D17ED /* Frameworks */,
				E300B1951B93869D005D17ED /* Resources */,
			);
			buildRules = (
			);
			dependencies = (
			);
			name = Tables;
			productName = Tables;
			productReference = E300B1971B93869D005D17ED /* Tables.app */;
			productType = "com.apple.product-type.application";
		};
		E300B1AF1B93869E005D17ED /* TablesTests */ = {
			isa = PBXNativeTarget;
			buildConfigurationList = E300B1BD1B93869E005D17ED /* Build configuration list for PBXNativeTarget "TablesTests" */;
			buildPhases = (
				E300B1AC1B93869E005D17ED /* Sources */,
				E300B1AD1B93869E005D17ED /* Frameworks */,
				E300B1AE1B93869E005D17ED /* Resources */,
			);
			buildRules = (
			);
			dependencies = (
				E300B1B21B93869E005D17ED /* PBXTargetDependency */,
			);
			name = TablesTests;
			productName = TablesTests;
			productReference = E300B1B01B93869E005D17ED /* TablesTests.xctest */;
			productType = "com.apple.product-type.bundle.unit-test";
		};
/* End PBXNativeTarget section */

/* Begin PBXProject section */
		E300B18F1B93869C005D17ED /* Project object */ = {
			isa = PBXProject;
			attributes = {
				LastUpgradeCheck = 0640;
				ORGANIZATIONNAME = "Drue Thomas";
				TargetAttributes = {
					E300B1961B93869D005D17ED = {
						CreatedOnToolsVersion = 6.4;
					};
					E300B1AF1B93869E005D17ED = {
						CreatedOnToolsVersion = 6.4;
						TestTargetID = E300B1961B93869D005D17ED;
					};
				};
			};
			buildConfigurationList = E300B1921B93869D005D17ED /* Build configuration list for PBXProject "Tables" */;
			compatibilityVersion = "Xcode 3.2";
			developmentRegion = English;
			hasScannedForEncodings = 0;
			knownRegions = (
				en,
				Base,
			);
			mainGroup = E300B18E1B93869C005D17ED;
			productRefGroup = E300B1981B93869D005D17ED /* Products */;
			projectDirPath = "";
			projectRoot = "";
			targets = (
				E300B1961B93869D005D17ED /* Tables */,
				E300B1AF1B93869E005D17ED /* TablesTests */,
			);
		};
/* End PBXProject section */

/* Begin PBXResourcesBuildPhase section */
		E300B1951B93869D005D17ED /* Resources */ = {
			isa = PBXResourcesBuildPhase;
			buildActionMask = 2147483647;
			files = (
				E300B1A61B93869D005D17ED /* Main.storyboard in Resources */,
				E300B1AB1B93869E005D17ED /* LaunchScreen.xib in Resources */,
				E300B1A81B93869D005D17ED /* Images.xcassets in Resources */,
			);
			runOnlyForDeploymentPostprocessing = 0;
		};
		E300B1AE1B93869E005D17ED /* Resources */ = {
			isa = PBXResourcesBuildPhase;
			buildActionMask = 2147483647;
			files = (
			);
			runOnlyForDeploymentPostprocessing = 0;
		};
/* End PBXResourcesBuildPhase section */

/* Begin PBXSourcesBuildPhase section */
		E300B1931B93869D005D17ED /* Sources */ = {
			isa = PBXSourcesBuildPhase;
			buildActionMask = 2147483647;
			files = (
				E300B1A31B93869D005D17ED /* CustomTableViewController.m in Sources */,
				E300B1A01B93869D005D17ED /* AppDelegate.m in Sources */,
				E300B19D1B93869D005D17ED /* main.m in Sources */,
			);
			runOnlyForDeploymentPostprocessing = 0;
		};
		E300B1AC1B93869E005D17ED /* Sources */ = {
			isa = PBXSourcesBuildPhase;
			buildActionMask = 2147483647;
			files = (
				E300B1B71B93869E005D17ED /* TablesTests.m in Sources */,
			);
			runOnlyForDeploymentPostprocessing = 0;
		};
/* End PBXSourcesBuildPhase section */

/* Begin PBXTargetDependency section */
		E300B1B21B93869E005D17ED /* PBXTargetDependency */ = {
			isa = PBXTargetDependency;
			target = E300B1961B93869D005D17ED /* Tables */;
			targetProxy = E300B1B11B93869E005D17ED /* PBXContainerItemProxy */;
		};
/* End PBXTargetDependency section */

/* Begin PBXVariantGroup section */
		E300B1A41B93869D005D17ED /* Main.storyboard */ = {
			isa = PBXVariantGroup;
			children = (
				E300B1A51B93869D005D17ED /* Base */,
			);
			name = Main.storyboard;
			sourceTree = "<group>";
		};
		E300B1A91B93869E005D17ED /* LaunchScreen.xib */ = {
			isa = PBXVariantGroup;
			children = (
				E300B1AA1B93869E005D17ED /* Base */,
			);
			name = LaunchScreen.xib;
			sourceTree = "<group>";
		};
/* End PBXVariantGroup section */

/* Begin XCBuildConfiguration section */
		E300B1B81B93869E005D17ED /* Debug */ = {
			isa = XCBuildConfiguration;
			buildSettings = {
				ALWAYS_SEARCH_USER_PATHS = NO;
				CLANG_CXX_LANGUAGE_STANDARD = "gnu++0x";
				CLANG_CXX_LIBRARY = "libc++";
				CLANG_ENABLE_MODULES = YES;
				CLANG_ENABLE_OBJC_ARC = YES;
				CLANG_WARN_BOOL_CONVERSION = YES;
				CLANG_WARN_CONSTANT_CONVERSION = YES;
				CLANG_WARN_DIRECT_OBJC_ISA_USAGE = YES_ERROR;
				CLANG_WARN_EMPTY_BODY = YES;
				CLANG_WARN_ENUM_CONVERSION = YES;
				CLANG_WARN_INT_CONVERSION = YES;
				CLANG_WARN_OBJC_ROOT_CLASS = YES_ERROR;
				CLANG_WARN_UNREACHABLE_CODE = YES;
				CLANG_WARN__DUPLICATE_METHOD_MATCH = YES;
				"CODE_SIGN_IDENTITY[sdk=iphoneos*]" = "iPhone Developer";
				COPY_PHASE_STRIP = NO;
				DEBUG_INFORMATION_FORMAT = "dwarf-with-dsym";
				ENABLE_STRICT_OBJC_MSGSEND = YES;
				GCC_C_LANGUAGE_STANDARD = gnu99;
				GCC_DYNAMIC_NO_PIC = NO;
				GCC_NO_COMMON_BLOCKS = YES;
				GCC_OPTIMIZATION_LEVEL = 0;
				GCC_PREPROCESSOR_DEFINITIONS = (
					"DEBUG=1",
					"$(inherited)",
				);
				GCC_SYMBOLS_PRIVATE_EXTERN = NO;
				GCC_WARN_64_TO_32_BIT_CONVERSION = YES;
				GCC_WARN_ABOUT_RETURN_TYPE = YES_ERROR;
				GCC_WARN_UNDECLARED_SELECTOR = YES;
				GCC_WARN_UNINITIALIZED_AUTOS = YES_AGGRESSIVE;
				GCC_WARN_UNUSED_FUNCTION = YES;
				GCC_WARN_UNUSED_VARIABLE = YES;
				IPHONEOS_DEPLOYMENT_TARGET = 8.4;
				MTL_ENABLE_DEBUG_INFO = YES;
				ONLY_ACTIVE_ARCH = YES;
				SDKROOT = iphoneos;
			};
			name = Debug;
		};
		E300B1B91B93869E005D17ED /* Release */ = {
			isa = XCBuildConfiguration;
			buildSettings = {
				ALWAYS_SEARCH_USER_PATHS = NO;
				CLANG_CXX_LANGUAGE_STANDARD = "gnu++0x";
				CLANG_CXX_LIBRARY = "libc++";
				CLANG_ENABLE_MODULES = YES;
				CLANG_ENABLE_OBJC_ARC = YES;
				CLANG_WARN_BOOL_CONVERSION = YES;
				CLANG_WARN_CONSTANT_CONVERSION = YES;
				CLANG_WARN_DIRECT_OBJC_ISA_USAGE = YES_ERROR;
				CLANG_WARN_EMPTY_BODY = YES;
				CLANG_WARN_ENUM_CONVERSION = YES;
				CLANG_WARN_INT_CONVERSION = YES;
				CLANG_WARN_OBJC_ROOT_CLASS = YES_ERROR;
				CLANG_WARN_UNREACHABLE_CODE = YES;
				CLANG_WARN__DUPLICATE_METHOD_MATCH = YES;
				"CODE_SIGN_IDENTITY[sdk=iphoneos*]" = "iPhone Developer";
				COPY_PHASE_STRIP = NO;
				DEBUG_INFORMATION_FORMAT = "dwarf-with-dsym";
				ENABLE_NS_ASSERTIONS = NO;
				ENABLE_STRICT_OBJC_MSGSEND = YES;
				GCC_C_LANGUAGE_STANDARD = gnu99;
				GCC_NO_COMMON_BLOCKS = YES;
				GCC_WARN_64_TO_32_BIT_CONVERSION = YES;
				GCC_WARN_ABOUT_RETURN_TYPE = YES_ERROR;
				GCC_WARN_UNDECLARED_SELECTOR = YES;
				GCC_WARN_UNINITIALIZED_AUTOS = YES_AGGRESSIVE;
				GCC_WARN_UNUSED_FUNCTION = YES;
				GCC_WARN_UNUSED_VARIABLE = YES;
				IPHONEOS_DEPLOYMENT_TARGET = 8.4;
				MTL_ENABLE_DEBUG_INFO = NO;
				SDKROOT = iphoneos;
				VALIDATE_PRODUCT = YES;
			};
			name = Release;
		};
		E300B1BB1B93869E005D17ED /* Debug */ = {
			isa = XCBuildConfiguration;
			buildSettings = {
				ASSETCATALOG_COMPILER_APPICON_NAME = AppIcon;
				INFOPLIST_FILE = Tables/Info.plist;
				LD_RUNPATH_SEARCH_PATHS = "$(inherited) @executable_path/Frameworks";
				PRODUCT_NAME = "$(TARGET_NAME)";
			};
			name = Debug;
		};
		E300B1BC1B93869E005D17ED /* Release */ = {
			isa = XCBuildConfiguration;
			buildSettings = {
				ASSETCATALOG_COMPILER_APPICON_NAME = AppIcon;
				INFOPLIST_FILE = Tables/Info.plist;
				LD_RUNPATH_SEARCH_PATHS = "$(inherited) @executable_path/Frameworks";
				PRODUCT_NAME = "$(TARGET_NAME)";
			};
			name = Release;
		};
		E300B1BE1B93869E005D17ED /* Debug */ = {
			isa = XCBuildConfiguration;
			buildSettings = {
				BUNDLE_LOADER = "$(TEST_HOST)";
				FRAMEWORK_SEARCH_PATHS = (
					"$(SDKROOT)/Developer/Library/Frameworks",
					"$(inherited)",
				);
				GCC_PREPROCESSOR_DEFINITIONS = (
					"DEBUG=1",
					"$(inherited)",
				);
				INFOPLIST_FILE = TablesTests/Info.plist;
				LD_RUNPATH_SEARCH_PATHS = "$(inherited) @executable_path/Frameworks @loader_path/Frameworks";
				PRODUCT_NAME = "$(TARGET_NAME)";
				TEST_HOST = "$(BUILT_PRODUCTS_DIR)/Tables.app/Tables";
			};
			name = Debug;
		};
		E300B1BF1B93869E005D17ED /* Release */ = {
			isa = XCBuildConfiguration;
			buildSettings = {
				BUNDLE_LOADER = "$(TEST_HOST)";
				FRAMEWORK_SEARCH_PATHS = (
					"$(SDKROOT)/Developer/Library/Frameworks",
					"$(inherited)",
				);
				INFOPLIST_FILE = TablesTests/Info.plist;
				LD_RUNPATH_SEARCH_PATHS = "$(inherited) @executable_path/Frameworks @loader_path/Frameworks";
				PRODUCT_NAME = "$(TARGET_NAME)";
				TEST_HOST = "$(BUILT_PRODUCTS_DIR)/Tables.app/Tables";
			};
			name = Release;
		};
/* End XCBuildConfiguration section */

/* Begin XCConfigurationList section */
		E300B1921B93869D005D17ED /* Build configuration list for PBXProject "Tables" */ = {
			isa = XCConfigurationList;
			buildConfigurations = (
				E300B1B81B93869E005D17ED /* Debug */,
				E300B1B91B93869E005D17ED /* Release */,
			);
			defaultConfigurationIsVisible = 0;
			defaultConfigurationName = Release;
		};
		E300B1BA1B93869E005D17ED /* Build configuration list for PBXNativeTarget "Tables" */ = {
			isa = XCConfigurationList;
			buildConfigurations = (
				E300B1BB1B93869E005D17ED /* Debug */,
				E300B1BC1B93869E005D17ED /* Release */,
			);
			defaultConfigurationIsVisible = 0;
			defaultConfigurationName = Release;
		};
		E300B1BD1B93869E005D17ED /* Build configuration list for PBXNativeTarget "TablesTests" */ = {
			isa = XCConfigurationList;
			buildConfigurations = (
				E300B1BE1B93869E005D17ED /* Debug */,
				E300B1BF1B93869E005D17ED /* Release */,
			);
			defaultConfigurationIsVisible = 0;
			defaultConfigurationName = Release;
		};
/* End XCConfigurationList section */
	};
	rootObject = E300B18F1B93869C005D17ED /* Project object */;
}
