// !$*UTF8*$!
{
	archiveVersion = 1;
	classes = {
	};
	objectVersion = 46;
	objects = {

/* Begin PBXBuildFile section */
		E343EDFA1B7830D0003F086D /* main.m in Sources */ = {isa = PBXBuildFile; fileRef = E343EDF91B7830D0003F086D /* main.m */; };
		E343EE021B7831D4003F086D /* StringCounter.m in Sources */ = {isa = PBXBuildFile; fileRef = E343EE011B7831D4003F086D /* StringCounter.m */; };
/* End PBXBuildFile section */

/* Begin PBXCopyFilesBuildPhase section */
		E343EDF41B7830D0003F086D /* CopyFiles */ = {
			isa = PBXCopyFilesBuildPhase;
			buildActionMask = 2147483647;
			dstPath = /usr/share/man/man1/;
			dstSubfolderSpec = 0;
			files = (
			);
			runOnlyForDeploymentPostprocessing = 1;
		};
/* End PBXCopyFilesBuildPhase section */

/* Begin PBXFileReference section */
		E343EDF61B7830D0003F086D /* CountStrings */ = {isa = PBXFileReference; explicitFileType = "compiled.mach-o.executable"; includeInIndex = 0; path = CountStrings; sourceTree = BUILT_PRODUCTS_DIR; };
		E343EDF91B7830D0003F086D /* main.m */ = {isa = PBXFileReference; lastKnownFileType = sourcecode.c.objc; path = main.m; sourceTree = "<group>"; };
		E343EE001B783172003F086D /* StringCounter.h */ = {isa = PBXFileReference; lastKnownFileType = sourcecode.c.h; path = StringCounter.h; sourceTree = "<group>"; };
		E343EE011B7831D4003F086D /* StringCounter.m */ = {isa = PBXFileReference; fileEncoding = 4; lastKnownFileType = sourcecode.c.objc; path = StringCounter.m; sourceTree = "<group>"; };
/* End PBXFileReference section */

/* Begin PBXFrameworksBuildPhase section */
		E343EDF31B7830D0003F086D /* Frameworks */ = {
			isa = PBXFrameworksBuildPhase;
			buildActionMask = 2147483647;
			files = (
			);
			runOnlyForDeploymentPostprocessing = 0;
		};
/* End PBXFrameworksBuildPhase section */

/* Begin PBXGroup section */
		E343EDED1B7830D0003F086D = {
			isa = PBXGroup;
			children = (
				E343EDF81B7830D0003F086D /* CountStrings */,
				E343EDF71B7830D0003F086D /* Products */,
			);
			sourceTree = "<group>";
		};
		E343EDF71B7830D0003F086D /* Products */ = {
			isa = PBXGroup;
			children = (
				E343EDF61B7830D0003F086D /* CountStrings */,
			);
			name = Products;
			sourceTree = "<group>";
		};
		E343EDF81B7830D0003F086D /* CountStrings */ = {
			isa = PBXGroup;
			children = (
				E343EDF91B7830D0003F086D /* main.m */,
				E343EE001B783172003F086D /* StringCounter.h */,
				E343EE011B7831D4003F086D /* StringCounter.m */,
			);
			path = CountStrings;
			sourceTree = "<group>";
		};
/* End PBXGroup section */

/* Begin PBXNativeTarget section */
		E343EDF51B7830D0003F086D /* CountStrings */ = {
			isa = PBXNativeTarget;
			buildConfigurationList = E343EDFD1B7830D0003F086D /* Build configuration list for PBXNativeTarget "CountStrings" */;
			buildPhases = (
				E343EDF21B7830D0003F086D /* Sources */,
				E343EDF31B7830D0003F086D /* Frameworks */,
				E343EDF41B7830D0003F086D /* CopyFiles */,
			);
			buildRules = (
			);
			dependencies = (
			);
			name = CountStrings;
			productName = CountStrings;
			productReference = E343EDF61B7830D0003F086D /* CountStrings */;
			productType = "com.apple.product-type.tool";
		};
/* End PBXNativeTarget section */

/* Begin PBXProject section */
		E343EDEE1B7830D0003F086D /* Project object */ = {
			isa = PBXProject;
			attributes = {
				LastUpgradeCheck = 0640;
				ORGANIZATIONNAME = "Drue Thomas";
				TargetAttributes = {
					E343EDF51B7830D0003F086D = {
						CreatedOnToolsVersion = 6.4;
					};
				};
			};
			buildConfigurationList = E343EDF11B7830D0003F086D /* Build configuration list for PBXProject "CountStrings" */;
			compatibilityVersion = "Xcode 3.2";
			developmentRegion = English;
			hasScannedForEncodings = 0;
			knownRegions = (
				en,
			);
			mainGroup = E343EDED1B7830D0003F086D;
			productRefGroup = E343EDF71B7830D0003F086D /* Products */;
			projectDirPath = "";
			projectRoot = "";
			targets = (
				E343EDF51B7830D0003F086D /* CountStrings */,
			);
		};
/* End PBXProject section */

/* Begin PBXSourcesBuildPhase section */
		E343EDF21B7830D0003F086D /* Sources */ = {
			isa = PBXSourcesBuildPhase;
			buildActionMask = 2147483647;
			files = (
				E343EDFA1B7830D0003F086D /* main.m in Sources */,
				E343EE021B7831D4003F086D /* StringCounter.m in Sources */,
			);
			runOnlyForDeploymentPostprocessing = 0;
		};
/* End PBXSourcesBuildPhase section */

/* Begin XCBuildConfiguration section */
		E343EDFB1B7830D0003F086D /* Debug */ = {
			isa = XCBuildConfiguration;
			buildSettings = {
				ALWAYS_SEARCH_USER_PATHS = NO;
				CLANG_CXX_LANGUAGE_STANDARD = "gnu++0x";
				CLANG_CXX_LIBRARY = "libc++";
				CLANG_ENABLE_MODULES = YES;
				CLANG_ENABLE_OBJC_ARC = YES;
				CLANG_WARN_BOOL_CONVERSION = YES;
				CLANG_WARN_CONSTANT_CONVERSION = YES;
				CLANG_WARN_DIRECT_OBJC_ISA_USAGE = YES_ERROR;
				CLANG_WARN_EMPTY_BODY = YES;
				CLANG_WARN_ENUM_CONVERSION = YES;
				CLANG_WARN_INT_CONVERSION = YES;
				CLANG_WARN_OBJC_ROOT_CLASS = YES_ERROR;
				CLANG_WARN_UNREACHABLE_CODE = YES;
				CLANG_WARN__DUPLICATE_METHOD_MATCH = YES;
				COPY_PHASE_STRIP = NO;
				DEBUG_INFORMATION_FORMAT = dwarf;
				ENABLE_STRICT_OBJC_MSGSEND = YES;
				GCC_C_LANGUAGE_STANDARD = gnu99;
				GCC_DYNAMIC_NO_PIC = NO;
				GCC_NO_COMMON_BLOCKS = YES;
				GCC_OPTIMIZATION_LEVEL = 0;
				GCC_PREPROCESSOR_DEFINITIONS = (
					"DEBUG=1",
					"$(inherited)",
				);
				GCC_SYMBOLS_PRIVATE_EXTERN = NO;
				GCC_WARN_64_TO_32_BIT_CONVERSION = YES;
				GCC_WARN_ABOUT_RETURN_TYPE = YES_ERROR;
				GCC_WARN_UNDECLARED_SELECTOR = YES;
				GCC_WARN_UNINITIALIZED_AUTOS = YES_AGGRESSIVE;
				GCC_WARN_UNUSED_FUNCTION = YES;
				GCC_WARN_UNUSED_VARIABLE = YES;
				MACOSX_DEPLOYMENT_TARGET = 10.10;
				MTL_ENABLE_DEBUG_INFO = YES;
				ONLY_ACTIVE_ARCH = YES;
				SDKROOT = macosx;
			};
			name = Debug;
		};
		E343EDFC1B7830D0003F086D /* Release */ = {
			isa = XCBuildConfiguration;
			buildSettings = {
				ALWAYS_SEARCH_USER_PATHS = NO;
				CLANG_CXX_LANGUAGE_STANDARD = "gnu++0x";
				CLANG_CXX_LIBRARY = "libc++";
				CLANG_ENABLE_MODULES = YES;
				CLANG_ENABLE_OBJC_ARC = YES;
				CLANG_WARN_BOOL_CONVERSION = YES;
				CLANG_WARN_CONSTANT_CONVERSION = YES;
				CLANG_WARN_DIRECT_OBJC_ISA_USAGE = YES_ERROR;
				CLANG_WARN_EMPTY_BODY = YES;
				CLANG_WARN_ENUM_CONVERSION = YES;
				CLANG_WARN_INT_CONVERSION = YES;
				CLANG_WARN_OBJC_ROOT_CLASS = YES_ERROR;
				CLANG_WARN_UNREACHABLE_CODE = YES;
				CLANG_WARN__DUPLICATE_METHOD_MATCH = YES;
				COPY_PHASE_STRIP = NO;
				DEBUG_INFORMATION_FORMAT = "dwarf-with-dsym";
				ENABLE_NS_ASSERTIONS = NO;
				ENABLE_STRICT_OBJC_MSGSEND = YES;
				GCC_C_LANGUAGE_STANDARD = gnu99;
				GCC_NO_COMMON_BLOCKS = YES;
				GCC_WARN_64_TO_32_BIT_CONVERSION = YES;
				GCC_WARN_ABOUT_RETURN_TYPE = YES_ERROR;
				GCC_WARN_UNDECLARED_SELECTOR = YES;
				GCC_WARN_UNINITIALIZED_AUTOS = YES_AGGRESSIVE;
				GCC_WARN_UNUSED_FUNCTION = YES;
				GCC_WARN_UNUSED_VARIABLE = YES;
				MACOSX_DEPLOYMENT_TARGET = 10.10;
				MTL_ENABLE_DEBUG_INFO = NO;
				SDKROOT = macosx;
			};
			name = Release;
		};
		E343EDFE1B7830D0003F086D /* Debug */ = {
			isa = XCBuildConfiguration;
			buildSettings = {
				PRODUCT_NAME = "$(TARGET_NAME)";
			};
			name = Debug;
		};
		E343EDFF1B7830D0003F086D /* Release */ = {
			isa = XCBuildConfiguration;
			buildSettings = {
				PRODUCT_NAME = "$(TARGET_NAME)";
			};
			name = Release;
		};
/* End XCBuildConfiguration section */

/* Begin XCConfigurationList section */
		E343EDF11B7830D0003F086D /* Build configuration list for PBXProject "CountStrings" */ = {
			isa = XCConfigurationList;
			buildConfigurations = (
				E343EDFB1B7830D0003F086D /* Debug */,
				E343EDFC1B7830D0003F086D /* Release */,
			);
			defaultConfigurationIsVisible = 0;
			defaultConfigurationName = Release;
		};
		E343EDFD1B7830D0003F086D /* Build configuration list for PBXNativeTarget "CountStrings" */ = {
			isa = XCConfigurationList;
			buildConfigurations = (
				E343EDFE1B7830D0003F086D /* Debug */,
				E343EDFF1B7830D0003F086D /* Release */,
			);
			defaultConfigurationIsVisible = 0;
		};
/* End XCConfigurationList section */
	};
	rootObject = E343EDEE1B7830D0003F086D /* Project object */;
}
